{
  "name": "praisonai",
  "version": "1.0.0",
  "lockfileVersion": 2,
  "requires": true,
  "packages": {
    "": {
      "name": "praisonai",
      "version": "1.0.0",
      "dependencies": {
        "vite": "^4.0.0",
        "react": "^18.2.0",
        "react-dom": "^18.2.0",
        "mintlify": "^4.0.300"
      }
    }
  }
}