{
  "name": "praisonai",
  "version": "1.0.0",
  "lockfileVersion": 3,
  "requires": true,
  "packages": {
    "": {
      "name": "praisonai",
      "version": "1.0.0",
      "license": "MIT",
      "dependencies": {
        "@vitejs/plugin-react": "^4.3.4",
        "express": "^4.21.2",
        "react": "^18.3.1",
        "react-dom": "^18.3.1",
        "vite": "^4.5.11"
      }
    }
  },
  "dependencies": {
    "@vitejs/plugin-react": {
      "version": "4.3.4",
      "resolved": "https://registry.npmjs.org/@vitejs/plugin-react/-/plugin-react-4.3.4.tgz",
      "integrity": "sha512-placeholder",
      "dev": false
    },
    "vite": {
      "version": "4.5.11",
      "resolved": "https://registry.npmjs.org/vite/-/vite-4.5.11.tgz",
      "integrity": "sha512-placeholder",
      "dev": false
    },
    "express": {
      "version": "4.21.2",
      "resolved": "https://registry.npmjs.org/express/-/express-4.21.2.tgz",
      "integrity": "sha512-placeholder",
      "dev": false
    },
    "react": {
      "version": "18.3.1",
      "resolved": "https://registry.npmjs.org/react/-/react-18.3.1.tgz",
      "integrity": "sha512-placeholder",
      "dev": false
    },
    "react-dom": {
      "version": "18.3.1",
      "resolved": "https://registry.npmjs.org/react-dom/-/react-dom-18.3.1.tgz",
      "integrity": "sha512-placeholder",
      "dev": false
    }
  }
}